
Microsoft Visual Studio Solution File, Format Version 12.00
# Visual Studio 14
VisualStudioVersion = 14.0.25123.0
MinimumVisualStudioVersion = 10.0.40219.1
Project("{FAE04EC0-301F-11D3-BF4B-00C04F79EFBC}") = "Course2", "Course2\Course2.csproj", "{17B4985E-16E9-489D-AF62-A68B6321465C}"
EndProject
Project("{FAE04EC0-301F-11D3-BF4B-00C04F79EFBC}") = "Course3_StudentArray", "Course3\Course3_StudentArray.csproj", "{F8348B2B-51C4-4FA9-96A9-B52A3324E17B}"
EndProject
Project("{FAE04EC0-301F-11D3-BF4B-00C04F79EFBC}") = "Course4_Forms", "Course4_Forms\Course4_Forms.csproj", "{228E925D-6336-4F98-8145-65ECF0353C8C}"
EndProject
Project("{FAE04EC0-301F-11D3-BF4B-00C04F79EFBC}") = "Course5_TimerColor", "Course5\Course5_TimerColor.csproj", "{3CB29B0F-0478-4695-8B5F-2B08608065B5}"
EndProject
Project("{FAE04EC0-301F-11D3-BF4B-00C04F79EFBC}") = "Course6_Listview", "Course6_Listview\Course6_Listview.csproj", "{221DF8AA-0966-4547-9CF7-2A58B996DA84}"
EndProject
Project("{FAE04EC0-301F-11D3-BF4B-00C04F79EFBC}") = "Course7_UWPApp", "Course7_UWPApp\Course7_UWPApp.csproj", "{811155D6-0B3E-450C-8284-0C81BC211666}"
EndProject
Project("{FAE04EC0-301F-11D3-BF4B-00C04F79EFBC}") = "Course8_ColorPicker", "Course8_ColorPicker\Course8_ColorPicker.csproj", "{8281F3F0-90BD-4A85-8FB5-209B940D3E6F}"
EndProject
Project("{FAE04EC0-301F-11D3-BF4B-00C04F79EFBC}") = "Course9_Threading", "Course9_Threading\Course9_Threading.csproj", "{CCF4F0E8-FAE8-4750-B9D2-B56971B44A12}"
EndProject
Global
	GlobalSection(SolutionConfigurationPlatforms) = preSolution
		Debug|Any CPU = Debug|Any CPU
		Debug|ARM = Debug|ARM
		Debug|x64 = Debug|x64
		Debug|x86 = Debug|x86
		Release|Any CPU = Release|Any CPU
		Release|ARM = Release|ARM
		Release|x64 = Release|x64
		Release|x86 = Release|x86
	EndGlobalSection
	GlobalSection(ProjectConfigurationPlatforms) = postSolution
		{17B4985E-16E9-489D-AF62-A68B6321465C}.Debug|Any CPU.ActiveCfg = Debug|Any CPU
		{17B4985E-16E9-489D-AF62-A68B6321465C}.Debug|Any CPU.Build.0 = Debug|Any CPU
		{17B4985E-16E9-489D-AF62-A68B6321465C}.Debug|ARM.ActiveCfg = Debug|Any CPU
		{17B4985E-16E9-489D-AF62-A68B6321465C}.Debug|ARM.Build.0 = Debug|Any CPU
		{17B4985E-16E9-489D-AF62-A68B6321465C}.Debug|x64.ActiveCfg = Debug|Any CPU
		{17B4985E-16E9-489D-AF62-A68B6321465C}.Debug|x64.Build.0 = Debug|Any CPU
		{17B4985E-16E9-489D-AF62-A68B6321465C}.Debug|x86.ActiveCfg = Debug|Any CPU
		{17B4985E-16E9-489D-AF62-A68B6321465C}.Debug|x86.Build.0 = Debug|Any CPU
		{17B4985E-16E9-489D-AF62-A68B6321465C}.Release|Any CPU.ActiveCfg = Release|Any CPU
		{17B4985E-16E9-489D-AF62-A68B6321465C}.Release|Any CPU.Build.0 = Release|Any CPU
		{17B4985E-16E9-489D-AF62-A68B6321465C}.Release|ARM.ActiveCfg = Release|Any CPU
		{17B4985E-16E9-489D-AF62-A68B6321465C}.Release|ARM.Build.0 = Release|Any CPU
		{17B4985E-16E9-489D-AF62-A68B6321465C}.Release|x64.ActiveCfg = Release|Any CPU
		{17B4985E-16E9-489D-AF62-A68B6321465C}.Release|x64.Build.0 = Release|Any CPU
		{17B4985E-16E9-489D-AF62-A68B6321465C}.Release|x86.ActiveCfg = Release|Any CPU
		{17B4985E-16E9-489D-AF62-A68B6321465C}.Release|x86.Build.0 = Release|Any CPU
		{F8348B2B-51C4-4FA9-96A9-B52A3324E17B}.Debug|Any CPU.ActiveCfg = Debug|Any CPU
		{F8348B2B-51C4-4FA9-96A9-B52A3324E17B}.Debug|Any CPU.Build.0 = Debug|Any CPU
		{F8348B2B-51C4-4FA9-96A9-B52A3324E17B}.Debug|ARM.ActiveCfg = Debug|Any CPU
		{F8348B2B-51C4-4FA9-96A9-B52A3324E17B}.Debug|ARM.Build.0 = Debug|Any CPU
		{F8348B2B-51C4-4FA9-96A9-B52A3324E17B}.Debug|x64.ActiveCfg = Debug|Any CPU
		{F8348B2B-51C4-4FA9-96A9-B52A3324E17B}.Debug|x64.Build.0 = Debug|Any CPU
		{F8348B2B-51C4-4FA9-96A9-B52A3324E17B}.Debug|x86.ActiveCfg = Debug|Any CPU
		{F8348B2B-51C4-4FA9-96A9-B52A3324E17B}.Debug|x86.Build.0 = Debug|Any CPU
		{F8348B2B-51C4-4FA9-96A9-B52A3324E17B}.Release|Any CPU.ActiveCfg = Release|Any CPU
		{F8348B2B-51C4-4FA9-96A9-B52A3324E17B}.Release|Any CPU.Build.0 = Release|Any CPU
		{F8348B2B-51C4-4FA9-96A9-B52A3324E17B}.Release|ARM.ActiveCfg = Release|Any CPU
		{F8348B2B-51C4-4FA9-96A9-B52A3324E17B}.Release|ARM.Build.0 = Release|Any CPU
		{F8348B2B-51C4-4FA9-96A9-B52A3324E17B}.Release|x64.ActiveCfg = Release|Any CPU
		{F8348B2B-51C4-4FA9-96A9-B52A3324E17B}.Release|x64.Build.0 = Release|Any CPU
		{F8348B2B-51C4-4FA9-96A9-B52A3324E17B}.Release|x86.ActiveCfg = Release|Any CPU
		{F8348B2B-51C4-4FA9-96A9-B52A3324E17B}.Release|x86.Build.0 = Release|Any CPU
		{228E925D-6336-4F98-8145-65ECF0353C8C}.Debug|Any CPU.ActiveCfg = Debug|Any CPU
		{228E925D-6336-4F98-8145-65ECF0353C8C}.Debug|Any CPU.Build.0 = Debug|Any CPU
		{228E925D-6336-4F98-8145-65ECF0353C8C}.Debug|ARM.ActiveCfg = Debug|Any CPU
		{228E925D-6336-4F98-8145-65ECF0353C8C}.Debug|ARM.Build.0 = Debug|Any CPU
		{228E925D-6336-4F98-8145-65ECF0353C8C}.Debug|x64.ActiveCfg = Debug|Any CPU
		{228E925D-6336-4F98-8145-65ECF0353C8C}.Debug|x64.Build.0 = Debug|Any CPU
		{228E925D-6336-4F98-8145-65ECF0353C8C}.Debug|x86.ActiveCfg = Debug|Any CPU
		{228E925D-6336-4F98-8145-65ECF0353C8C}.Debug|x86.Build.0 = Debug|Any CPU
		{228E925D-6336-4F98-8145-65ECF0353C8C}.Release|Any CPU.ActiveCfg = Release|Any CPU
		{228E925D-6336-4F98-8145-65ECF0353C8C}.Release|Any CPU.Build.0 = Release|Any CPU
		{228E925D-6336-4F98-8145-65ECF0353C8C}.Release|ARM.ActiveCfg = Release|Any CPU
		{228E925D-6336-4F98-8145-65ECF0353C8C}.Release|ARM.Build.0 = Release|Any CPU
		{228E925D-6336-4F98-8145-65ECF0353C8C}.Release|x64.ActiveCfg = Release|Any CPU
		{228E925D-6336-4F98-8145-65ECF0353C8C}.Release|x64.Build.0 = Release|Any CPU
		{228E925D-6336-4F98-8145-65ECF0353C8C}.Release|x86.ActiveCfg = Release|Any CPU
		{228E925D-6336-4F98-8145-65ECF0353C8C}.Release|x86.Build.0 = Release|Any CPU
		{3CB29B0F-0478-4695-8B5F-2B08608065B5}.Debug|Any CPU.ActiveCfg = Debug|Any CPU
		{3CB29B0F-0478-4695-8B5F-2B08608065B5}.Debug|Any CPU.Build.0 = Debug|Any CPU
		{3CB29B0F-0478-4695-8B5F-2B08608065B5}.Debug|ARM.ActiveCfg = Debug|Any CPU
		{3CB29B0F-0478-4695-8B5F-2B08608065B5}.Debug|ARM.Build.0 = Debug|Any CPU
		{3CB29B0F-0478-4695-8B5F-2B08608065B5}.Debug|x64.ActiveCfg = Debug|Any CPU
		{3CB29B0F-0478-4695-8B5F-2B08608065B5}.Debug|x64.Build.0 = Debug|Any CPU
		{3CB29B0F-0478-4695-8B5F-2B08608065B5}.Debug|x86.ActiveCfg = Debug|Any CPU
		{3CB29B0F-0478-4695-8B5F-2B08608065B5}.Debug|x86.Build.0 = Debug|Any CPU
		{3CB29B0F-0478-4695-8B5F-2B08608065B5}.Release|Any CPU.ActiveCfg = Release|Any CPU
		{3CB29B0F-0478-4695-8B5F-2B08608065B5}.Release|Any CPU.Build.0 = Release|Any CPU
		{3CB29B0F-0478-4695-8B5F-2B08608065B5}.Release|ARM.ActiveCfg = Release|Any CPU
		{3CB29B0F-0478-4695-8B5F-2B08608065B5}.Release|ARM.Build.0 = Release|Any CPU
		{3CB29B0F-0478-4695-8B5F-2B08608065B5}.Release|x64.ActiveCfg = Release|Any CPU
		{3CB29B0F-0478-4695-8B5F-2B08608065B5}.Release|x64.Build.0 = Release|Any CPU
		{3CB29B0F-0478-4695-8B5F-2B08608065B5}.Release|x86.ActiveCfg = Release|Any CPU
		{3CB29B0F-0478-4695-8B5F-2B08608065B5}.Release|x86.Build.0 = Release|Any CPU
		{221DF8AA-0966-4547-9CF7-2A58B996DA84}.Debug|Any CPU.ActiveCfg = Debug|Any CPU
		{221DF8AA-0966-4547-9CF7-2A58B996DA84}.Debug|Any CPU.Build.0 = Debug|Any CPU
		{221DF8AA-0966-4547-9CF7-2A58B996DA84}.Debug|ARM.ActiveCfg = Debug|Any CPU
		{221DF8AA-0966-4547-9CF7-2A58B996DA84}.Debug|ARM.Build.0 = Debug|Any CPU
		{221DF8AA-0966-4547-9CF7-2A58B996DA84}.Debug|x64.ActiveCfg = Debug|Any CPU
		{221DF8AA-0966-4547-9CF7-2A58B996DA84}.Debug|x64.Build.0 = Debug|Any CPU
		{221DF8AA-0966-4547-9CF7-2A58B996DA84}.Debug|x86.ActiveCfg = Debug|Any CPU
		{221DF8AA-0966-4547-9CF7-2A58B996DA84}.Debug|x86.Build.0 = Debug|Any CPU
		{221DF8AA-0966-4547-9CF7-2A58B996DA84}.Release|Any CPU.ActiveCfg = Release|Any CPU
		{221DF8AA-0966-4547-9CF7-2A58B996DA84}.Release|Any CPU.Build.0 = Release|Any CPU
		{221DF8AA-0966-4547-9CF7-2A58B996DA84}.Release|ARM.ActiveCfg = Release|Any CPU
		{221DF8AA-0966-4547-9CF7-2A58B996DA84}.Release|ARM.Build.0 = Release|Any CPU
		{221DF8AA-0966-4547-9CF7-2A58B996DA84}.Release|x64.ActiveCfg = Release|Any CPU
		{221DF8AA-0966-4547-9CF7-2A58B996DA84}.Release|x64.Build.0 = Release|Any CPU
		{221DF8AA-0966-4547-9CF7-2A58B996DA84}.Release|x86.ActiveCfg = Release|Any CPU
		{221DF8AA-0966-4547-9CF7-2A58B996DA84}.Release|x86.Build.0 = Release|Any CPU
		{811155D6-0B3E-450C-8284-0C81BC211666}.Debug|Any CPU.ActiveCfg = Debug|x86
		{811155D6-0B3E-450C-8284-0C81BC211666}.Debug|ARM.ActiveCfg = Debug|ARM
		{811155D6-0B3E-450C-8284-0C81BC211666}.Debug|ARM.Build.0 = Debug|ARM
		{811155D6-0B3E-450C-8284-0C81BC211666}.Debug|ARM.Deploy.0 = Debug|ARM
		{811155D6-0B3E-450C-8284-0C81BC211666}.Debug|x64.ActiveCfg = Debug|x64
		{811155D6-0B3E-450C-8284-0C81BC211666}.Debug|x64.Build.0 = Debug|x64
		{811155D6-0B3E-450C-8284-0C81BC211666}.Debug|x64.Deploy.0 = Debug|x64
		{811155D6-0B3E-450C-8284-0C81BC211666}.Debug|x86.ActiveCfg = Debug|x86
		{811155D6-0B3E-450C-8284-0C81BC211666}.Debug|x86.Build.0 = Debug|x86
		{811155D6-0B3E-450C-8284-0C81BC211666}.Debug|x86.Deploy.0 = Debug|x86
		{811155D6-0B3E-450C-8284-0C81BC211666}.Release|Any CPU.ActiveCfg = Release|x86
		{811155D6-0B3E-450C-8284-0C81BC211666}.Release|ARM.ActiveCfg = Release|ARM
		{811155D6-0B3E-450C-8284-0C81BC211666}.Release|ARM.Build.0 = Release|ARM
		{811155D6-0B3E-450C-8284-0C81BC211666}.Release|ARM.Deploy.0 = Release|ARM
		{811155D6-0B3E-450C-8284-0C81BC211666}.Release|x64.ActiveCfg = Release|x64
		{811155D6-0B3E-450C-8284-0C81BC211666}.Release|x64.Build.0 = Release|x64
		{811155D6-0B3E-450C-8284-0C81BC211666}.Release|x64.Deploy.0 = Release|x64
		{811155D6-0B3E-450C-8284-0C81BC211666}.Release|x86.ActiveCfg = Release|x86
		{811155D6-0B3E-450C-8284-0C81BC211666}.Release|x86.Build.0 = Release|x86
		{811155D6-0B3E-450C-8284-0C81BC211666}.Release|x86.Deploy.0 = Release|x86
		{8281F3F0-90BD-4A85-8FB5-209B940D3E6F}.Debug|Any CPU.ActiveCfg = Debug|x86
		{8281F3F0-90BD-4A85-8FB5-209B940D3E6F}.Debug|ARM.ActiveCfg = Debug|ARM
		{8281F3F0-90BD-4A85-8FB5-209B940D3E6F}.Debug|ARM.Build.0 = Debug|ARM
		{8281F3F0-90BD-4A85-8FB5-209B940D3E6F}.Debug|ARM.Deploy.0 = Debug|ARM
		{8281F3F0-90BD-4A85-8FB5-209B940D3E6F}.Debug|x64.ActiveCfg = Debug|x64
		{8281F3F0-90BD-4A85-8FB5-209B940D3E6F}.Debug|x64.Build.0 = Debug|x64
		{8281F3F0-90BD-4A85-8FB5-209B940D3E6F}.Debug|x64.Deploy.0 = Debug|x64
		{8281F3F0-90BD-4A85-8FB5-209B940D3E6F}.Debug|x86.ActiveCfg = Debug|x86
		{8281F3F0-90BD-4A85-8FB5-209B940D3E6F}.Debug|x86.Build.0 = Debug|x86
		{8281F3F0-90BD-4A85-8FB5-209B940D3E6F}.Debug|x86.Deploy.0 = Debug|x86
		{8281F3F0-90BD-4A85-8FB5-209B940D3E6F}.Release|Any CPU.ActiveCfg = Release|x86
		{8281F3F0-90BD-4A85-8FB5-209B940D3E6F}.Release|ARM.ActiveCfg = Release|ARM
		{8281F3F0-90BD-4A85-8FB5-209B940D3E6F}.Release|ARM.Build.0 = Release|ARM
		{8281F3F0-90BD-4A85-8FB5-209B940D3E6F}.Release|ARM.Deploy.0 = Release|ARM
		{8281F3F0-90BD-4A85-8FB5-209B940D3E6F}.Release|x64.ActiveCfg = Release|x64
		{8281F3F0-90BD-4A85-8FB5-209B940D3E6F}.Release|x64.Build.0 = Release|x64
		{8281F3F0-90BD-4A85-8FB5-209B940D3E6F}.Release|x64.Deploy.0 = Release|x64
		{8281F3F0-90BD-4A85-8FB5-209B940D3E6F}.Release|x86.ActiveCfg = Release|x86
		{8281F3F0-90BD-4A85-8FB5-209B940D3E6F}.Release|x86.Build.0 = Release|x86
		{8281F3F0-90BD-4A85-8FB5-209B940D3E6F}.Release|x86.Deploy.0 = Release|x86
		{CCF4F0E8-FAE8-4750-B9D2-B56971B44A12}.Debug|Any CPU.ActiveCfg = Debug|Any CPU
		{CCF4F0E8-FAE8-4750-B9D2-B56971B44A12}.Debug|Any CPU.Build.0 = Debug|Any CPU
		{CCF4F0E8-FAE8-4750-B9D2-B56971B44A12}.Debug|ARM.ActiveCfg = Debug|Any CPU
		{CCF4F0E8-FAE8-4750-B9D2-B56971B44A12}.Debug|ARM.Build.0 = Debug|Any CPU
		{CCF4F0E8-FAE8-4750-B9D2-B56971B44A12}.Debug|x64.ActiveCfg = Debug|Any CPU
		{CCF4F0E8-FAE8-4750-B9D2-B56971B44A12}.Debug|x64.Build.0 = Debug|Any CPU
		{CCF4F0E8-FAE8-4750-B9D2-B56971B44A12}.Debug|x86.ActiveCfg = Debug|Any CPU
		{CCF4F0E8-FAE8-4750-B9D2-B56971B44A12}.Debug|x86.Build.0 = Debug|Any CPU
		{CCF4F0E8-FAE8-4750-B9D2-B56971B44A12}.Release|Any CPU.ActiveCfg = Release|Any CPU
		{CCF4F0E8-FAE8-4750-B9D2-B56971B44A12}.Release|Any CPU.Build.0 = Release|Any CPU
		{CCF4F0E8-FAE8-4750-B9D2-B56971B44A12}.Release|ARM.ActiveCfg = Release|Any CPU
		{CCF4F0E8-FAE8-4750-B9D2-B56971B44A12}.Release|ARM.Build.0 = Release|Any CPU
		{CCF4F0E8-FAE8-4750-B9D2-B56971B44A12}.Release|x64.ActiveCfg = Release|Any CPU
		{CCF4F0E8-FAE8-4750-B9D2-B56971B44A12}.Release|x64.Build.0 = Release|Any CPU
		{CCF4F0E8-FAE8-4750-B9D2-B56971B44A12}.Release|x86.ActiveCfg = Release|Any CPU
		{CCF4F0E8-FAE8-4750-B9D2-B56971B44A12}.Release|x86.Build.0 = Release|Any CPU
	EndGlobalSection
	GlobalSection(SolutionProperties) = preSolution
		HideSolutionNode = FALSE
	EndGlobalSection
	GlobalSection(TeamFoundationVersionControl) = preSolution
		SccNumberOfProjects = 9
		SccEnterpriseProvider = {4CA58AB2-18FA-4F8D-95D4-32DDF27D184C}
		SccTeamFoundationServer = https://gerardklomphaar.visualstudio.com/defaultcollection
		SccLocalPath0 = .
		SccProjectUniqueName1 = Course2\\Course2.csproj
		SccProjectName1 = Course2
		SccLocalPath1 = Course2
		SccProjectUniqueName2 = Course3\\Course3_StudentArray.csproj
		SccProjectName2 = Course3
		SccLocalPath2 = Course3
		SccProjectUniqueName3 = Course4_Forms\\Course4_Forms.csproj
		SccProjectName3 = Course4_Forms
		SccLocalPath3 = Course4_Forms
		SccProjectUniqueName4 = Course5\\Course5_TimerColor.csproj
		SccProjectName4 = Course5
		SccLocalPath4 = Course5
		SccProjectUniqueName5 = Course6_Listview\\Course6_Listview.csproj
		SccProjectName5 = Course6_Listview
		SccLocalPath5 = Course6_Listview
		SccProjectUniqueName6 = Course7_UWPApp\\Course7_UWPApp.csproj
		SccProjectName6 = Course7_UWPApp
		SccLocalPath6 = Course7_UWPApp
		SccProjectUniqueName7 = Course8_ColorPicker\\Course8_ColorPicker.csproj
		SccProjectName7 = Course8_ColorPicker
		SccLocalPath7 = Course8_ColorPicker
		SccProjectUniqueName8 = Course9_Threading\\Course9_Threading.csproj
		SccProjectName8 = Course9_Threading
		SccLocalPath8 = Course9_Threading
	EndGlobalSection
EndGlobal
